
Microsoft Visual Studio Solution File, Format Version 12.00
# Visual Studio 14
VisualStudioVersion = 14.0.23107.0
MinimumVisualStudioVersion = 10.0.40219.1
Project("{FAE04EC0-301F-11D3-BF4B-00C04F79EFBC}") = "HI_Low_Card_Game", "HI_Low_Card_Game\HI_Low_Card_Game.csproj", "{E401EFA5-C8B1-478F-8306-D88C431D1106}"
EndProject
Global
	GlobalSection(SolutionConfigurationPlatforms) = preSolution
		Debug|Any CPU = Debug|Any CPU
		Release|Any CPU = Release|Any CPU
	EndGlobalSection
	GlobalSection(ProjectConfigurationPlatforms) = postSolution
		{E401EFA5-C8B1-478F-8306-D88C431D1106}.Debug|Any CPU.ActiveCfg = Debug|Any CPU
		{E401EFA5-C8B1-478F-8306-D88C431D1106}.Debug|Any CPU.Build.0 = Debug|Any CPU
		{E401EFA5-C8B1-478F-8306-D88C431D1106}.Release|Any CPU.ActiveCfg = Release|Any CPU
		{E401EFA5-C8B1-478F-8306-D88C431D1106}.Release|Any CPU.Build.0 = Release|Any CPU
	EndGlobalSection
	GlobalSection(SolutionProperties) = preSolution
		HideSolutionNode = FALSE
	EndGlobalSection
EndGlobal
